// !$*UTF8*$!
{
	archiveVersion = 1;
	classes = {
	};
	objectVersion = 48;
	objects = {

/* Begin PBXBuildFile section */
		8C136EAB1F605700009C275C /* ErrorFactory.swift in Sources */ = {isa = PBXBuildFile; fileRef = 8C136EA81F605700009C275C /* ErrorFactory.swift */; };
		8C136EAC1F605700009C275C /* HMAC.swift in Sources */ = {isa = PBXBuildFile; fileRef = 8C136EA91F605700009C275C /* HMAC.swift */; };
		8C136EAD1F605700009C275C /* ServiceBusRelay.swift in Sources */ = {isa = PBXBuildFile; fileRef = 8C136EAA1F605700009C275C /* ServiceBusRelay.swift */; };
		8C136EB11F6059AD009C275C /* StringExtensions.swift in Sources */ = {isa = PBXBuildFile; fileRef = 8C136EB01F6059AD009C275C /* StringExtensions.swift */; };
		8CBA4D9D1F5F665C00A34D94 /* AppDelegate.swift in Sources */ = {isa = PBXBuildFile; fileRef = 8CBA4D9C1F5F665C00A34D94 /* AppDelegate.swift */; };
		8CBA4D9F1F5F665C00A34D94 /* HomeViewController.swift in Sources */ = {isa = PBXBuildFile; fileRef = 8CBA4D9E1F5F665C00A34D94 /* HomeViewController.swift */; };
		8CBA4DA21F5F665C00A34D94 /* Main.storyboard in Resources */ = {isa = PBXBuildFile; fileRef = 8CBA4DA01F5F665C00A34D94 /* Main.storyboard */; };
		8CBA4DA41F5F665C00A34D94 /* Assets.xcassets in Resources */ = {isa = PBXBuildFile; fileRef = 8CBA4DA31F5F665C00A34D94 /* Assets.xcassets */; };
		8CBA4DA71F5F665C00A34D94 /* LaunchScreen.storyboard in Resources */ = {isa = PBXBuildFile; fileRef = 8CBA4DA51F5F665C00A34D94 /* LaunchScreen.storyboard */; };
		8CBA4DB21F5F696600A34D94 /* Starscream.framework in Frameworks */ = {isa = PBXBuildFile; fileRef = 8CBA4DB11F5F696600A34D94 /* Starscream.framework */; };
/* End PBXBuildFile section */

/* Begin PBXFileReference section */
		8C136EA81F605700009C275C /* ErrorFactory.swift */ = {isa = PBXFileReference; fileEncoding = 4; lastKnownFileType = sourcecode.swift; path = ErrorFactory.swift; sourceTree = "<group>"; };
		8C136EA91F605700009C275C /* HMAC.swift */ = {isa = PBXFileReference; fileEncoding = 4; lastKnownFileType = sourcecode.swift; path = HMAC.swift; sourceTree = "<group>"; };
		8C136EAA1F605700009C275C /* ServiceBusRelay.swift */ = {isa = PBXFileReference; fileEncoding = 4; lastKnownFileType = sourcecode.swift; path = ServiceBusRelay.swift; sourceTree = "<group>"; };
		8C136EAE1F605778009C275C /* module.map */ = {isa = PBXFileReference; fileEncoding = 4; lastKnownFileType = "sourcecode.module-map"; path = module.map; sourceTree = "<group>"; };
		8C136EB01F6059AD009C275C /* StringExtensions.swift */ = {isa = PBXFileReference; fileEncoding = 4; lastKnownFileType = sourcecode.swift; path = StringExtensions.swift; sourceTree = "<group>"; };
		8CBA4D991F5F665C00A34D94 /* RelayTest.app */ = {isa = PBXFileReference; explicitFileType = wrapper.application; includeInIndex = 0; path = RelayTest.app; sourceTree = BUILT_PRODUCTS_DIR; };
		8CBA4D9C1F5F665C00A34D94 /* AppDelegate.swift */ = {isa = PBXFileReference; lastKnownFileType = sourcecode.swift; path = AppDelegate.swift; sourceTree = "<group>"; };
		8CBA4D9E1F5F665C00A34D94 /* HomeViewController.swift */ = {isa = PBXFileReference; lastKnownFileType = sourcecode.swift; path = HomeViewController.swift; sourceTree = "<group>"; };
		8CBA4DA11F5F665C00A34D94 /* Base */ = {isa = PBXFileReference; lastKnownFileType = file.storyboard; name = Base; path = Base.lproj/Main.storyboard; sourceTree = "<group>"; };
		8CBA4DA31F5F665C00A34D94 /* Assets.xcassets */ = {isa = PBXFileReference; lastKnownFileType = folder.assetcatalog; path = Assets.xcassets; sourceTree = "<group>"; };
		8CBA4DA61F5F665C00A34D94 /* Base */ = {isa = PBXFileReference; lastKnownFileType = file.storyboard; name = Base; path = Base.lproj/LaunchScreen.storyboard; sourceTree = "<group>"; };
		8CBA4DA81F5F665C00A34D94 /* Info.plist */ = {isa = PBXFileReference; lastKnownFileType = text.plist.xml; path = Info.plist; sourceTree = "<group>"; };
		8CBA4DB11F5F696600A34D94 /* Starscream.framework */ = {isa = PBXFileReference; lastKnownFileType = wrapper.framework; name = Starscream.framework; path = Carthage/Build/iOS/Starscream.framework; sourceTree = "<group>"; };
/* End PBXFileReference section */

/* Begin PBXFrameworksBuildPhase section */
		8CBA4D961F5F665C00A34D94 /* Frameworks */ = {
			isa = PBXFrameworksBuildPhase;
			buildActionMask = 2147483647;
			files = (
				8CBA4DB21F5F696600A34D94 /* Starscream.framework in Frameworks */,
			);
			runOnlyForDeploymentPostprocessing = 0;
		};
/* End PBXFrameworksBuildPhase section */

/* Begin PBXGroup section */
		8C136EA61F603A93009C275C /* View Controllers */ = {
			isa = PBXGroup;
			children = (
				8CBA4D9E1F5F665C00A34D94 /* HomeViewController.swift */,
			);
			path = "View Controllers";
			sourceTree = "<group>";
		};
		8C136EA71F6056C7009C275C /* ServiceBus */ = {
			isa = PBXGroup;
			children = (
				8C136EB01F6059AD009C275C /* StringExtensions.swift */,
				8C136EA81F605700009C275C /* ErrorFactory.swift */,
				8C136EA91F605700009C275C /* HMAC.swift */,
				8C136EAA1F605700009C275C /* ServiceBusRelay.swift */,
			);
			path = ServiceBus;
			sourceTree = "<group>";
		};
		8C136EAF1F605786009C275C /* CommonCrypto */ = {
			isa = PBXGroup;
			children = (
				8C136EAE1F605778009C275C /* module.map */,
			);
			path = CommonCrypto;
			sourceTree = "<group>";
		};
		8CBA4D901F5F665C00A34D94 = {
			isa = PBXGroup;
			children = (
				8CBA4D9B1F5F665C00A34D94 /* RelayTest */,
				8CBA4D9A1F5F665C00A34D94 /* Products */,
				8CBA4DAE1F5F696000A34D94 /* Frameworks */,
			);
			sourceTree = "<group>";
		};
		8CBA4D9A1F5F665C00A34D94 /* Products */ = {
			isa = PBXGroup;
			children = (
				8CBA4D991F5F665C00A34D94 /* RelayTest.app */,
			);
			name = Products;
			sourceTree = "<group>";
		};
		8CBA4D9B1F5F665C00A34D94 /* RelayTest */ = {
			isa = PBXGroup;
			children = (
				8C136EAF1F605786009C275C /* CommonCrypto */,
				8C136EA71F6056C7009C275C /* ServiceBus */,
				8C136EA61F603A93009C275C /* View Controllers */,
				8CBA4D9C1F5F665C00A34D94 /* AppDelegate.swift */,
				8CBA4DA01F5F665C00A34D94 /* Main.storyboard */,
				8CBA4DA31F5F665C00A34D94 /* Assets.xcassets */,
				8CBA4DA51F5F665C00A34D94 /* LaunchScreen.storyboard */,
				8CBA4DA81F5F665C00A34D94 /* Info.plist */,
			);
			path = RelayTest;
			sourceTree = "<group>";
		};
		8CBA4DAE1F5F696000A34D94 /* Frameworks */ = {
			isa = PBXGroup;
			children = (
				8CBA4DB11F5F696600A34D94 /* Starscream.framework */,
			);
			name = Frameworks;
			sourceTree = "<group>";
		};
/* End PBXGroup section */

/* Begin PBXNativeTarget section */
		8CBA4D981F5F665C00A34D94 /* RelayTest */ = {
			isa = PBXNativeTarget;
			buildConfigurationList = 8CBA4DAB1F5F665C00A34D94 /* Build configuration list for PBXNativeTarget "RelayTest" */;
			buildPhases = (
				8CBA4D951F5F665C00A34D94 /* Sources */,
				8CBA4D961F5F665C00A34D94 /* Frameworks */,
				8CBA4D971F5F665C00A34D94 /* Resources */,
				8CBA4DB51F5F697F00A34D94 /* ShellScript */,
			);
			buildRules = (
			);
			dependencies = (
			);
			name = RelayTest;
			productName = RelayTest;
			productReference = 8CBA4D991F5F665C00A34D94 /* RelayTest.app */;
			productType = "com.apple.product-type.application";
		};
/* End PBXNativeTarget section */

/* Begin PBXProject section */
		8CBA4D911F5F665C00A34D94 /* Project object */ = {
			isa = PBXProject;
			attributes = {
				LastSwiftUpdateCheck = 0900;
				LastUpgradeCheck = 0900;
				ORGANIZATIONNAME = "Clean Water Services";
				TargetAttributes = {
					8CBA4D981F5F665C00A34D94 = {
						CreatedOnToolsVersion = 9.0;
						ProvisioningStyle = Automatic;
					};
				};
			};
			buildConfigurationList = 8CBA4D941F5F665C00A34D94 /* Build configuration list for PBXProject "RelayTest" */;
			compatibilityVersion = "Xcode 8.0";
			developmentRegion = en;
			hasScannedForEncodings = 0;
			knownRegions = (
				en,
				Base,
			);
			mainGroup = 8CBA4D901F5F665C00A34D94;
			productRefGroup = 8CBA4D9A1F5F665C00A34D94 /* Products */;
			projectDirPath = "";
			projectRoot = "";
			targets = (
				8CBA4D981F5F665C00A34D94 /* RelayTest */,
			);
		};
/* End PBXProject section */

/* Begin PBXResourcesBuildPhase section */
		8CBA4D971F5F665C00A34D94 /* Resources */ = {
			isa = PBXResourcesBuildPhase;
			buildActionMask = 2147483647;
			files = (
				8CBA4DA71F5F665C00A34D94 /* LaunchScreen.storyboard in Resources */,
				8CBA4DA41F5F665C00A34D94 /* Assets.xcassets in Resources */,
				8CBA4DA21F5F665C00A34D94 /* Main.storyboard in Resources */,
			);
			runOnlyForDeploymentPostprocessing = 0;
		};
/* End PBXResourcesBuildPhase section */

/* Begin PBXShellScriptBuildPhase section */
		8CBA4DB51F5F697F00A34D94 /* ShellScript */ = {
			isa = PBXShellScriptBuildPhase;
			buildActionMask = 2147483647;
			files = (
			);
			inputPaths = (
				"$(SRCROOT)/Carthage/Build/iOS/Starscream.framework",
			);
			outputPaths = (
				"$(BUILT_PRODUCTS_DIR)/$(FRAMEWORKS_FOLDER_PATH)/Starscream.framework",
			);
			runOnlyForDeploymentPostprocessing = 0;
			shellPath = /bin/sh;
			shellScript = "/usr/local/bin/carthage copy-frameworks";
		};
/* End PBXShellScriptBuildPhase section */

/* Begin PBXSourcesBuildPhase section */
		8CBA4D951F5F665C00A34D94 /* Sources */ = {
			isa = PBXSourcesBuildPhase;
			buildActionMask = 2147483647;
			files = (
				8C136EB11F6059AD009C275C /* StringExtensions.swift in Sources */,
				8CBA4D9F1F5F665C00A34D94 /* HomeViewController.swift in Sources */,
				8CBA4D9D1F5F665C00A34D94 /* AppDelegate.swift in Sources */,
				8C136EAD1F605700009C275C /* ServiceBusRelay.swift in Sources */,
				8C136EAC1F605700009C275C /* HMAC.swift in Sources */,
				8C136EAB1F605700009C275C /* ErrorFactory.swift in Sources */,
			);
			runOnlyForDeploymentPostprocessing = 0;
		};
/* End PBXSourcesBuildPhase section */

/* Begin PBXVariantGroup section */
		8CBA4DA01F5F665C00A34D94 /* Main.storyboard */ = {
			isa = PBXVariantGroup;
			children = (
				8CBA4DA11F5F665C00A34D94 /* Base */,
			);
			name = Main.storyboard;
			sourceTree = "<group>";
		};
		8CBA4DA51F5F665C00A34D94 /* LaunchScreen.storyboard */ = {
			isa = PBXVariantGroup;
			children = (
				8CBA4DA61F5F665C00A34D94 /* Base */,
			);
			name = LaunchScreen.storyboard;
			sourceTree = "<group>";
		};
/* End PBXVariantGroup section */

/* Begin XCBuildConfiguration section */
		8CBA4DA91F5F665C00A34D94 /* Debug */ = {
			isa = XCBuildConfiguration;
			buildSettings = {
				ALWAYS_SEARCH_USER_PATHS = NO;
				CLANG_ANALYZER_NONNULL = YES;
				CLANG_ANALYZER_NUMBER_OBJECT_CONVERSION = YES_AGGRESSIVE;
				CLANG_CXX_LANGUAGE_STANDARD = "gnu++14";
				CLANG_CXX_LIBRARY = "libc++";
				CLANG_ENABLE_MODULES = YES;
				CLANG_ENABLE_OBJC_ARC = YES;
				CLANG_WARN_BLOCK_CAPTURE_AUTORELEASING = YES;
				CLANG_WARN_BOOL_CONVERSION = YES;
				CLANG_WARN_COMMA = YES;
				CLANG_WARN_CONSTANT_CONVERSION = YES;
				CLANG_WARN_DIRECT_OBJC_ISA_USAGE = YES_ERROR;
				CLANG_WARN_DOCUMENTATION_COMMENTS = YES;
				CLANG_WARN_EMPTY_BODY = YES;
				CLANG_WARN_ENUM_CONVERSION = YES;
				CLANG_WARN_INFINITE_RECURSION = YES;
				CLANG_WARN_INT_CONVERSION = YES;
				CLANG_WARN_NON_LITERAL_NULL_CONVERSION = YES;
				CLANG_WARN_OBJC_LITERAL_CONVERSION = YES;
				CLANG_WARN_OBJC_ROOT_CLASS = YES_ERROR;
				CLANG_WARN_RANGE_LOOP_ANALYSIS = YES;
				CLANG_WARN_STRICT_PROTOTYPES = YES;
				CLANG_WARN_SUSPICIOUS_MOVE = YES;
				CLANG_WARN_UNGUARDED_AVAILABILITY = YES_AGGRESSIVE;
				CLANG_WARN_UNREACHABLE_CODE = YES;
				CLANG_WARN__DUPLICATE_METHOD_MATCH = YES;
				CODE_SIGN_IDENTITY = "iPhone Developer";
				COPY_PHASE_STRIP = NO;
				DEBUG_INFORMATION_FORMAT = dwarf;
				ENABLE_STRICT_OBJC_MSGSEND = YES;
				ENABLE_TESTABILITY = YES;
				GCC_C_LANGUAGE_STANDARD = gnu11;
				GCC_DYNAMIC_NO_PIC = NO;
				GCC_NO_COMMON_BLOCKS = YES;
				GCC_OPTIMIZATION_LEVEL = 0;
				GCC_PREPROCESSOR_DEFINITIONS = (
					"DEBUG=1",
					"$(inherited)",
				);
				GCC_WARN_64_TO_32_BIT_CONVERSION = YES;
				GCC_WARN_ABOUT_RETURN_TYPE = YES_ERROR;
				GCC_WARN_UNDECLARED_SELECTOR = YES;
				GCC_WARN_UNINITIALIZED_AUTOS = YES_AGGRESSIVE;
				GCC_WARN_UNUSED_FUNCTION = YES;
				GCC_WARN_UNUSED_VARIABLE = YES;
				IPHONEOS_DEPLOYMENT_TARGET = 11.0;
				MTL_ENABLE_DEBUG_INFO = YES;
				ONLY_ACTIVE_ARCH = YES;
				SDKROOT = iphoneos;
				SWIFT_ACTIVE_COMPILATION_CONDITIONS = DEBUG;
				SWIFT_INCLUDE_PATHS = "~/Work/RelayTest/RelayTest/CommonCrypto";
				SWIFT_OPTIMIZATION_LEVEL = "-Onone";
			};
			name = Debug;
		};
		8CBA4DAA1F5F665C00A34D94 /* Release */ = {
			isa = XCBuildConfiguration;
			buildSettings = {
				ALWAYS_SEARCH_USER_PATHS = NO;
				CLANG_ANALYZER_NONNULL = YES;
				CLANG_ANALYZER_NUMBER_OBJECT_CONVERSION = YES_AGGRESSIVE;
				CLANG_CXX_LANGUAGE_STANDARD = "gnu++14";
				CLANG_CXX_LIBRARY = "libc++";
				CLANG_ENABLE_MODULES = YES;
				CLANG_ENABLE_OBJC_ARC = YES;
				CLANG_WARN_BLOCK_CAPTURE_AUTORELEASING = YES;
				CLANG_WARN_BOOL_CONVERSION = YES;
				CLANG_WARN_COMMA = YES;
				CLANG_WARN_CONSTANT_CONVERSION = YES;
				CLANG_WARN_DIRECT_OBJC_ISA_USAGE = YES_ERROR;
				CLANG_WARN_DOCUMENTATION_COMMENTS = YES;
				CLANG_WARN_EMPTY_BODY = YES;
				CLANG_WARN_ENUM_CONVERSION = YES;
				CLANG_WARN_INFINITE_RECURSION = YES;
				CLANG_WARN_INT_CONVERSION = YES;
				CLANG_WARN_NON_LITERAL_NULL_CONVERSION = YES;
				CLANG_WARN_OBJC_LITERAL_CONVERSION = YES;
				CLANG_WARN_OBJC_ROOT_CLASS = YES_ERROR;
				CLANG_WARN_RANGE_LOOP_ANALYSIS = YES;
				CLANG_WARN_STRICT_PROTOTYPES = YES;
				CLANG_WARN_SUSPICIOUS_MOVE = YES;
				CLANG_WARN_UNGUARDED_AVAILABILITY = YES_AGGRESSIVE;
				CLANG_WARN_UNREACHABLE_CODE = YES;
				CLANG_WARN__DUPLICATE_METHOD_MATCH = YES;
				CODE_SIGN_IDENTITY = "iPhone Developer";
				COPY_PHASE_STRIP = NO;
				DEBUG_INFORMATION_FORMAT = "dwarf-with-dsym";
				ENABLE_NS_ASSERTIONS = NO;
				ENABLE_STRICT_OBJC_MSGSEND = YES;
				GCC_C_LANGUAGE_STANDARD = gnu11;
				GCC_NO_COMMON_BLOCKS = YES;
				GCC_WARN_64_TO_32_BIT_CONVERSION = YES;
				GCC_WARN_ABOUT_RETURN_TYPE = YES_ERROR;
				GCC_WARN_UNDECLARED_SELECTOR = YES;
				GCC_WARN_UNINITIALIZED_AUTOS = YES_AGGRESSIVE;
				GCC_WARN_UNUSED_FUNCTION = YES;
				GCC_WARN_UNUSED_VARIABLE = YES;
				IPHONEOS_DEPLOYMENT_TARGET = 11.0;
				MTL_ENABLE_DEBUG_INFO = NO;
				SDKROOT = iphoneos;
				SWIFT_INCLUDE_PATHS = "~/Work/RelayTest/RelayTest/CommonCrypto";
				SWIFT_OPTIMIZATION_LEVEL = "-Owholemodule";
				VALIDATE_PRODUCT = YES;
			};
			name = Release;
		};
		8CBA4DAC1F5F665C00A34D94 /* Debug */ = {
			isa = XCBuildConfiguration;
			buildSettings = {
				ASSETCATALOG_COMPILER_APPICON_NAME = AppIcon;
				CODE_SIGN_STYLE = Automatic;
				DEVELOPMENT_TEAM = "";
				FRAMEWORK_SEARCH_PATHS = (
					"$(inherited)",
					"$(PROJECT_DIR)/Carthage/Build/iOS",
				);
				INFOPLIST_FILE = RelayTest/Info.plist;
				LD_RUNPATH_SEARCH_PATHS = "$(inherited) @executable_path/Frameworks";
				PRODUCT_BUNDLE_IDENTIFIER = relay_test.RelayTest;
				PRODUCT_NAME = "$(TARGET_NAME)";
				SWIFT_VERSION = 4.0;
				TARGETED_DEVICE_FAMILY = "1,2";
			};
			name = Debug;
		};
		8CBA4DAD1F5F665C00A34D94 /* Release */ = {
			isa = XCBuildConfiguration;
			buildSettings = {
				ASSETCATALOG_COMPILER_APPICON_NAME = AppIcon;
				CODE_SIGN_STYLE = Automatic;
				DEVELOPMENT_TEAM = "";
				FRAMEWORK_SEARCH_PATHS = (
					"$(inherited)",
					"$(PROJECT_DIR)/Carthage/Build/iOS",
				);
				INFOPLIST_FILE = RelayTest/Info.plist;
				LD_RUNPATH_SEARCH_PATHS = "$(inherited) @executable_path/Frameworks";
				PRODUCT_BUNDLE_IDENTIFIER = relay_test.RelayTest;
				PRODUCT_NAME = "$(TARGET_NAME)";
				SWIFT_VERSION = 4.0;
				TARGETED_DEVICE_FAMILY = "1,2";
			};
			name = Release;
		};
/* End XCBuildConfiguration section */

/* Begin XCConfigurationList section */
		8CBA4D941F5F665C00A34D94 /* Build configuration list for PBXProject "RelayTest" */ = {
			isa = XCConfigurationList;
			buildConfigurations = (
				8CBA4DA91F5F665C00A34D94 /* Debug */,
				8CBA4DAA1F5F665C00A34D94 /* Release */,
			);
			defaultConfigurationIsVisible = 0;
			defaultConfigurationName = Release;
		};
		8CBA4DAB1F5F665C00A34D94 /* Build configuration list for PBXNativeTarget "RelayTest" */ = {
			isa = XCConfigurationList;
			buildConfigurations = (
				8CBA4DAC1F5F665C00A34D94 /* Debug */,
				8CBA4DAD1F5F665C00A34D94 /* Release */,
			);
			defaultConfigurationIsVisible = 0;
			defaultConfigurationName = Release;
		};
/* End XCConfigurationList section */
	};
	rootObject = 8CBA4D911F5F665C00A34D94 /* Project object */;
}
